// !$*UTF8*$!
{
	archiveVersion = 1;
	classes = {
	};
	objectVersion = 46;
	objects = {

/* Begin PBXGroup section */
		A95184751343102100B7B98C = {
			isa = PBXGroup;
			children = (
			);
			sourceTree = "<group>";
		};
/* End PBXGroup section */

/* Begin PBXProject section */
		A95184771343102100B7B98C /* Project object */ = {
			isa = PBXProject;
			buildConfigurationList = A951847A1343102100B7B98C /* Build configuration list for PBXProject "HTTPPairKit" */;
			compatibilityVersion = "Xcode 3.2";
			developmentRegion = English;
			hasScannedForEncodings = 0;
			knownRegions = (
				en,
			);
			mainGroup = A95184751343102100B7B98C;
			projectDirPath = "";
			projectRoot = "";
			targets = (
			);
		};
/* End PBXProject section */

/* Begin XCBuildConfiguration section */
		A951847C1343102100B7B98C /* Debug */ = {
			isa = XCBuildConfiguration;
			buildSettings = {
			};
			name = Debug;
		};
		A951847D1343102100B7B98C /* Release */ = {
			isa = XCBuildConfiguration;
			buildSettings = {
			};
			name = Release;
		};
/* End XCBuildConfiguration section */

/* Begin XCConfigurationList section */
		A951847A1343102100B7B98C /* Build configuration list for PBXProject "HTTPPairKit" */ = {
			isa = XCConfigurationList;
			buildConfigurations = (
				A951847C1343102100B7B98C /* Debug */,
				A951847D1343102100B7B98C /* Release */,
			);
			defaultConfigurationIsVisible = 0;
			defaultConfigurationName = Release;
		};
/* End XCConfigurationList section */
	};
	rootObject = A95184771343102100B7B98C /* Project object */;
}
